
Microsoft Visual Studio Solution File, Format Version 12.00
# Visual Studio Version 17
VisualStudioVersion = 17.3.32901.215
MinimumVisualStudioVersion = 10.0.40219.1
Project("{2150E333-8FDC-42A3-9474-1A3956D46DE8}") = "tests", "tests", "{993F5DB1-686B-418D-8A5A-8235C86139D3}"
EndProject
Project("{2150E333-8FDC-42A3-9474-1A3956D46DE8}") = "framework", "framework", "{E24B3693-E6A0-4142-B71F-AF2FD7ABB1E7}"
EndProject
Project("{2150E333-8FDC-42A3-9474-1A3956D46DE8}") = "demo", "demo", "{B9B1795A-8436-4FFA-B8E4-9EB1EA5A8D99}"
EndProject
Project("{2150E333-8FDC-42A3-9474-1A3956D46DE8}") = "blazor", "blazor", "{217AEE85-7C9A-487C-9739-1E93F6C3E935}"
EndProject
Project("{2150E333-8FDC-42A3-9474-1A3956D46DE8}") = "shared", "shared", "{362EB906-B629-4835-AC71-C316FF3C3E13}"
EndProject
Project("{2150E333-8FDC-42A3-9474-1A3956D46DE8}") = "wasm", "wasm", "{494D4E58-A502-4019-838D-40A0554D2795}"
EndProject
Project("{2150E333-8FDC-42A3-9474-1A3956D46DE8}") = "admin", "admin", "{30C8E642-5B9B-4041-9FBE-2F97CB367988}"
EndProject
Project("{9A19103F-16F7-4668-BE54-9A1E7A4F7556}") = "Platz.Admin.BusinessObjects", "admin\Platz.Admin.BusinessObjects\Platz.Admin.BusinessObjects.csproj", "{35FBDE16-ADA3-4790-8176-01BCF4411DF5}"
EndProject
Project("{9A19103F-16F7-4668-BE54-9A1E7A4F7556}") = "Platz.Admin.App", "admin\Platz.Admin.App\Platz.Admin.App.csproj", "{AB83FA42-0A0B-4659-9E5C-1255F65BC554}"
EndProject
Project("{2150E333-8FDC-42A3-9474-1A3956D46DE8}") = "Build", "Build", "{41C3EE41-537B-4424-9413-A61EE4CF8528}"
	ProjectSection(SolutionItems) = preProject
		..\azure-pipelines.yml = ..\azure-pipelines.yml
	EndProjectSection
EndProject
Project("{9A19103F-16F7-4668-BE54-9A1E7A4F7556}") = "BlazorFormsDemoFlows", "..\demo\BlazorFormsDemoFlows\BlazorFormsDemoFlows.csproj", "{FBB2F3CC-F9CE-4095-8981-7BA4429139C3}"
EndProject
Project("{9A19103F-16F7-4668-BE54-9A1E7A4F7556}") = "BlazorFormsDemoModels", "..\demo\BlazorFormsDemoModels\BlazorFormsDemoModels.csproj", "{FA7501A1-E739-4395-81DE-3D4C3EB26B10}"
EndProject
Project("{9A19103F-16F7-4668-BE54-9A1E7A4F7556}") = "BlazorFormsDemoBlazorApp", "..\demo\BlazorFormsDemoBlazorApp\BlazorFormsDemoBlazorApp.csproj", "{ACEB11FB-EC60-4BD5-BEB1-C6A4BCA42C18}"
EndProject
Project("{9A19103F-16F7-4668-BE54-9A1E7A4F7556}") = "BlazorFormsDemoFastDesignApp", "..\demo\BlazorFormsDemoFastDesignApp\BlazorFormsDemoFastDesignApp.csproj", "{006C973B-E0EC-4DD8-B47B-B9B85D6E9E2F}"
EndProject
Project("{9A19103F-16F7-4668-BE54-9A1E7A4F7556}") = "BlazorFormsDemoRadzenApp", "..\demo\BlazorFormsDemoRadzenApp\BlazorFormsDemoRadzenApp.csproj", "{B5778227-542E-4FE6-89B1-64861095C97C}"
EndProject
Project("{9A19103F-16F7-4668-BE54-9A1E7A4F7556}") = "BlazorFormsStateFlowDemoApp", "..\demo\BlazorFormsStateFlowDemoApp\BlazorFormsStateFlowDemoApp.csproj", "{70BEE418-1AFF-4A4D-AD37-30B8E510E5A5}"
EndProject
Project("{9A19103F-16F7-4668-BE54-9A1E7A4F7556}") = "BlazorForms.IntegrationTests.Server", "..\tests\BlazorForms.IntegrationTests.Server\BlazorForms.IntegrationTests.Server.csproj", "{C5B52495-8F7B-48E7-ADEA-48799B955EAB}"
EndProject
Project("{9A19103F-16F7-4668-BE54-9A1E7A4F7556}") = "BlazorForms.Platform.IntegrationTests", "..\tests\BlazorForms.Platform.IntegrationTests\BlazorForms.Platform.IntegrationTests.csproj", "{33F188B4-7BD1-434B-BD7E-337C272021EC}"
EndProject
Project("{9A19103F-16F7-4668-BE54-9A1E7A4F7556}") = "BlazorForms.Platform.Tests", "..\tests\BlazorForms.Platform.Tests\BlazorForms.Platform.Tests.csproj", "{75CBEDEA-D4AC-4239-A6AA-FB8D0ACF1CE6}"
EndProject
Project("{9A19103F-16F7-4668-BE54-9A1E7A4F7556}") = "BlazorForms.Proxyma.Tests", "..\tests\BlazorForms.Proxyma.Tests\BlazorForms.Proxyma.Tests.csproj", "{77202377-8869-42DE-81BB-623BAD5F5B8C}"
EndProject
Project("{9A19103F-16F7-4668-BE54-9A1E7A4F7556}") = "BlazorForms.Shared.Tests", "..\tests\BlazorForms.Shared.Tests\BlazorForms.Shared.Tests.csproj", "{D91738C4-8388-4E63-9BC7-DE2E3C604B28}"
EndProject
Project("{9A19103F-16F7-4668-BE54-9A1E7A4F7556}") = "BlazorForms.Tests.Framework", "..\tests\BlazorForms.Tests.Framework\BlazorForms.Tests.Framework.csproj", "{487AA212-24D2-44D4-96A6-2A06E414AABA}"
EndProject
Project("{9A19103F-16F7-4668-BE54-9A1E7A4F7556}") = "BlazorForms.Admin.App", "admin\BlazorForms.Admin.App\BlazorForms.Admin.App.csproj", "{70676687-D244-4D31-8F4F-460823D63523}"
EndProject
Project("{9A19103F-16F7-4668-BE54-9A1E7A4F7556}") = "BlazorForms.Admin.BusinessObjects", "admin\BlazorForms.Admin.BusinessObjects\BlazorForms.Admin.BusinessObjects.csproj", "{435311F9-558A-4191-BF58-7C9E0C0F5BF6}"
EndProject
Project("{9A19103F-16F7-4668-BE54-9A1E7A4F7556}") = "BlazorForms.Rendering.Flows", "rendering\BlazorForms.Rendering.Flows\BlazorForms.Rendering.Flows.csproj", "{F0F1C2BD-7AB5-4237-84D1-E25763F3B379}"
EndProject
Project("{9A19103F-16F7-4668-BE54-9A1E7A4F7556}") = "BlazorForms.Rendering.MaterialBlazor", "rendering\BlazorForms.Rendering.MaterialBlazor\BlazorForms.Rendering.MaterialBlazor.csproj", "{CFDEEB1B-59D0-45ED-B832-B2A7249A4D7B}"
EndProject
Project("{9A19103F-16F7-4668-BE54-9A1E7A4F7556}") = "BlazorForms.Rendering.RadzenBlazor", "rendering\BlazorForms.Rendering.RadzenBlazor\BlazorForms.Rendering.RadzenBlazor.csproj", "{9C026A59-C783-49AB-9E0F-A50F6A5769CD}"
EndProject
Project("{9A19103F-16F7-4668-BE54-9A1E7A4F7556}") = "BlazorForms.DynamicCode", "dynamic-code\BlazorForms.DynamicCode\BlazorForms.DynamicCode.csproj", "{148D5A24-91A2-497A-A68D-E8E6EC649E9C}"
EndProject
Project("{9A19103F-16F7-4668-BE54-9A1E7A4F7556}") = "BlazorForms.Expressions", "expressions\BlazorForms.Expressions\BlazorForms.Expressions.csproj", "{19DB00E8-3A37-45AD-A42F-E77E01DF90E8}"
EndProject
Project("{9A19103F-16F7-4668-BE54-9A1E7A4F7556}") = "BlazorForms.FlowRules", "rules\BlazorForms.FlowRules\BlazorForms.FlowRules.csproj", "{23E17222-ED77-4B8F-9346-BC2361742C12}"
EndProject
Project("{9A19103F-16F7-4668-BE54-9A1E7A4F7556}") = "BlazorForms.FlowRules.Definition", "rules\BlazorForms.FlowRules.Definition\BlazorForms.FlowRules.Definition.csproj", "{EF693D5D-D4CC-488F-BD16-430FB48FB73A}"
EndProject
Project("{9A19103F-16F7-4668-BE54-9A1E7A4F7556}") = "BlazorForms.Flows.Definitions", "flows\BlazorForms.Flows.Definitions\BlazorForms.Flows.Definitions.csproj", "{EFA35D10-7A70-4D07-A4FD-0800980E95CB}"
EndProject
Project("{9A19103F-16F7-4668-BE54-9A1E7A4F7556}") = "BlazorForms.Flows.Engine", "flows\BlazorForms.Flows.Engine\BlazorForms.Flows.Engine.csproj", "{928955C3-DAC1-48B4-91B3-A5B505349689}"
EndProject
Project("{9A19103F-16F7-4668-BE54-9A1E7A4F7556}") = "BlazorForms.Forms.Definitions", "forms\BlazorForms.Forms.Definitions\BlazorForms.Forms.Definitions.csproj", "{FDD7627C-F865-4378-86BF-98B81BC33338}"
EndProject
Project("{9A19103F-16F7-4668-BE54-9A1E7A4F7556}") = "BlazorForms.ItemStore", "store\BlazorForms.ItemStore\BlazorForms.ItemStore.csproj", "{494AE435-A5D2-4A92-AFFE-87CA4866303C}"
EndProject
Project("{9A19103F-16F7-4668-BE54-9A1E7A4F7556}") = "BlazorForms.Platform", "platform\BlazorForms.Platform\BlazorForms.Platform.csproj", "{ED14F956-8B59-4923-ADFC-3F5F78FF1AFF}"
EndProject
Project("{9A19103F-16F7-4668-BE54-9A1E7A4F7556}") = "BlazorForms.Platform.BackgroundTasks", "platform\BlazorForms.Platform.BackgroundService\BlazorForms.Platform.BackgroundTasks.csproj", "{0F2B11B5-B7F9-4C07-ACE4-FFB0640F93A9}"
EndProject
Project("{9A19103F-16F7-4668-BE54-9A1E7A4F7556}") = "BlazorForms.Platform.Config", "platform\BlazorForms.Platform.Config\BlazorForms.Platform.Config.csproj", "{BB347047-8743-4A5B-AAD8-DB00205F71A8}"
EndProject
Project("{9A19103F-16F7-4668-BE54-9A1E7A4F7556}") = "BlazorForms.Platform.Cosmos", "platform\BlazorForms.Platform.Cosmos\BlazorForms.Platform.Cosmos.csproj", "{1162B8D0-6173-4181-85D0-8FF8FD3A60BC}"
EndProject
Project("{9A19103F-16F7-4668-BE54-9A1E7A4F7556}") = "BlazorForms.Platform.Definitions", "platform\BlazorForms.Platform.Definitions\BlazorForms.Platform.Definitions.csproj", "{DB4D1687-AA60-4906-9071-8475AEFDE875}"
EndProject
Project("{9A19103F-16F7-4668-BE54-9A1E7A4F7556}") = "BlazorForms.Platform.PostgreSql", "platform\BlazorForms.Platform.PostgreSql\BlazorForms.Platform.PostgreSql.csproj", "{05291F00-45C7-4F6F-95B2-821DAD4CB5AF}"
EndProject
Project("{9A19103F-16F7-4668-BE54-9A1E7A4F7556}") = "BlazorForms.Platform.Shared", "platform\BlazorForms.Platform.Shared\BlazorForms.Platform.Shared.csproj", "{A93C81DA-F6F4-4712-A835-969CA7704A3B}"
EndProject
Project("{9A19103F-16F7-4668-BE54-9A1E7A4F7556}") = "BlazorForms.Platform.WebAssembly", "platform\BlazorForms.Platform.WebAssembly\BlazorForms.Platform.WebAssembly.csproj", "{B3F021B7-E475-4A39-8F82-2FD7DBF90A86}"
EndProject
Project("{9A19103F-16F7-4668-BE54-9A1E7A4F7556}") = "BlazorForms.Proxyma", "proxy\BlazorForms.Proxyma\BlazorForms.Proxyma.csproj", "{7FA91617-E22E-4586-AE45-BA95E66655D1}"
EndProject
Project("{9A19103F-16F7-4668-BE54-9A1E7A4F7556}") = "BlazorForms.Rendering", "rendering\BlazorForms.Rendering\BlazorForms.Rendering.csproj", "{18653E46-BFCE-4C63-98DA-4DE2858CC6CC}"
EndProject
Project("{9A19103F-16F7-4668-BE54-9A1E7A4F7556}") = "BlazorForms.Rendering.Standard", "rendering\BlazorForms.Rendering.Standard\BlazorForms.Rendering.Standard.csproj", "{B38F3916-C268-4756-BABA-697687B9FE14}"
EndProject
Project("{9A19103F-16F7-4668-BE54-9A1E7A4F7556}") = "BlazorForms.Shared", "shared\BlazorForms.Shared\BlazorForms.Shared.csproj", "{5804F126-C42B-4B4A-9907-EE7FB14FF643}"
EndProject
Project("{9A19103F-16F7-4668-BE54-9A1E7A4F7556}") = "BlazorForms.Wasm.InlineFlows", "wasm\BlazorForms.Wasm.InlineFlows\BlazorForms.Wasm.InlineFlows.csproj", "{305AE3A0-4784-4518-A7A1-0881C248B6C4}"
EndProject
Project("{9A19103F-16F7-4668-BE54-9A1E7A4F7556}") = "BlazorFormsDemoWasmNew.Shared", "..\demo\BlazorFormsDemoWasmNew\Shared\BlazorFormsDemoWasmNew.Shared.csproj", "{A2B6686B-268B-4BFE-B5F8-94E7A4D30F13}"
EndProject
Project("{9A19103F-16F7-4668-BE54-9A1E7A4F7556}") = "BlazorFormsDemoWasmNew.Client", "..\demo\BlazorFormsDemoWasmNew\Client\BlazorFormsDemoWasmNew.Client.csproj", "{6030FB87-0D79-44F8-A5D5-E3A69BBBE2A1}"
EndProject
Project("{9A19103F-16F7-4668-BE54-9A1E7A4F7556}") = "BlazorFormsDemoWasmNew.Server", "..\demo\BlazorFormsDemoWasmNew\Server\BlazorFormsDemoWasmNew.Server.csproj", "{436648FC-3F3F-4E0A-86EE-8FFA667C91D6}"
EndProject
Project("{9A19103F-16F7-4668-BE54-9A1E7A4F7556}") = "BlazorFormsStateFlowDemoAppNuget", "..\demo\BlazorFormsStateFlowDemoAppNuget\BlazorFormsStateFlowDemoAppNuget.csproj", "{06329D79-E806-4BD0-B3B8-AA851FF4EF98}"
EndProject
Project("{2150E333-8FDC-42A3-9474-1A3956D46DE8}") = "stateflow", "stateflow", "{79AD6CB1-7C3A-4114-BAD9-6F3819251179}"
EndProject
Project("{9A19103F-16F7-4668-BE54-9A1E7A4F7556}") = "DemoStateFlowObjects", "..\demo\StateFlow\DemoStateFlowObjects\DemoStateFlowObjects.csproj", "{0A3D8B71-CE13-42B1-8E88-2FF9286913C9}"
EndProject
Project("{9A19103F-16F7-4668-BE54-9A1E7A4F7556}") = "FastReflectionBenchmarkApp", "..\tests\FastReflectionBenchmarkApp\FastReflectionBenchmarkApp.csproj", "{9812AB07-4F6F-4004-8B50-6A1E6BBFE031}"
EndProject
Project("{9A19103F-16F7-4668-BE54-9A1E7A4F7556}") = "BlazorForms.Rendering.MudBlazorUI", "rendering\BlazorForms.Rendering.MudBlazorUI\BlazorForms.Rendering.MudBlazorUI.csproj", "{F56CE325-5B81-4EE6-A5C7-7D92A597EF8E}"
EndProject
Project("{9A19103F-16F7-4668-BE54-9A1E7A4F7556}") = "MudBlazorUIDemo", "..\demo\MudBlazorUIDemo\MudBlazorUIDemo.csproj", "{F4AB9149-905A-4319-ADA8-86E5C88BCF20}"
EndProject
Project("{2150E333-8FDC-42A3-9474-1A3956D46DE8}") = "seed", "seed", "{D619E7EE-DAC2-4AEF-9711-31865BEAD435}"
EndProject
Project("{9A19103F-16F7-4668-BE54-9A1E7A4F7556}") = "CrmLightDemoApp", "..\seed\CrmLightDemoApp\CrmLightDemoApp.csproj", "{DC9E1281-AEE8-4C00-B40E-2B1C8E7D077D}"
EndProject
Project("{9A19103F-16F7-4668-BE54-9A1E7A4F7556}") = "BlazorFormsSeed", "..\seed\BlazorFormsSeed\BlazorFormsSeed.csproj", "{8D22E139-5B6D-47F9-950F-B6D378639D62}"
EndProject
Global
	GlobalSection(SolutionConfigurationPlatforms) = preSolution
		Debug|Any CPU = Debug|Any CPU
		Release|Any CPU = Release|Any CPU
	EndGlobalSection
	GlobalSection(ProjectConfigurationPlatforms) = postSolution
		{35FBDE16-ADA3-4790-8176-01BCF4411DF5}.Debug|Any CPU.ActiveCfg = Debug|Any CPU
		{35FBDE16-ADA3-4790-8176-01BCF4411DF5}.Debug|Any CPU.Build.0 = Debug|Any CPU
		{35FBDE16-ADA3-4790-8176-01BCF4411DF5}.Release|Any CPU.ActiveCfg = Release|Any CPU
		{35FBDE16-ADA3-4790-8176-01BCF4411DF5}.Release|Any CPU.Build.0 = Release|Any CPU
		{AB83FA42-0A0B-4659-9E5C-1255F65BC554}.Debug|Any CPU.ActiveCfg = Debug|Any CPU
		{AB83FA42-0A0B-4659-9E5C-1255F65BC554}.Debug|Any CPU.Build.0 = Debug|Any CPU
		{AB83FA42-0A0B-4659-9E5C-1255F65BC554}.Release|Any CPU.ActiveCfg = Release|Any CPU
		{AB83FA42-0A0B-4659-9E5C-1255F65BC554}.Release|Any CPU.Build.0 = Release|Any CPU
		{FBB2F3CC-F9CE-4095-8981-7BA4429139C3}.Debug|Any CPU.ActiveCfg = Debug|Any CPU
		{FBB2F3CC-F9CE-4095-8981-7BA4429139C3}.Debug|Any CPU.Build.0 = Debug|Any CPU
		{FBB2F3CC-F9CE-4095-8981-7BA4429139C3}.Release|Any CPU.ActiveCfg = Release|Any CPU
		{FBB2F3CC-F9CE-4095-8981-7BA4429139C3}.Release|Any CPU.Build.0 = Release|Any CPU
		{FA7501A1-E739-4395-81DE-3D4C3EB26B10}.Debug|Any CPU.ActiveCfg = Debug|Any CPU
		{FA7501A1-E739-4395-81DE-3D4C3EB26B10}.Debug|Any CPU.Build.0 = Debug|Any CPU
		{FA7501A1-E739-4395-81DE-3D4C3EB26B10}.Release|Any CPU.ActiveCfg = Release|Any CPU
		{FA7501A1-E739-4395-81DE-3D4C3EB26B10}.Release|Any CPU.Build.0 = Release|Any CPU
		{ACEB11FB-EC60-4BD5-BEB1-C6A4BCA42C18}.Debug|Any CPU.ActiveCfg = Debug|Any CPU
		{ACEB11FB-EC60-4BD5-BEB1-C6A4BCA42C18}.Debug|Any CPU.Build.0 = Debug|Any CPU
		{ACEB11FB-EC60-4BD5-BEB1-C6A4BCA42C18}.Release|Any CPU.ActiveCfg = Release|Any CPU
		{ACEB11FB-EC60-4BD5-BEB1-C6A4BCA42C18}.Release|Any CPU.Build.0 = Release|Any CPU
		{006C973B-E0EC-4DD8-B47B-B9B85D6E9E2F}.Debug|Any CPU.ActiveCfg = Debug|Any CPU
		{006C973B-E0EC-4DD8-B47B-B9B85D6E9E2F}.Debug|Any CPU.Build.0 = Debug|Any CPU
		{006C973B-E0EC-4DD8-B47B-B9B85D6E9E2F}.Release|Any CPU.ActiveCfg = Release|Any CPU
		{006C973B-E0EC-4DD8-B47B-B9B85D6E9E2F}.Release|Any CPU.Build.0 = Release|Any CPU
		{B5778227-542E-4FE6-89B1-64861095C97C}.Debug|Any CPU.ActiveCfg = Debug|Any CPU
		{B5778227-542E-4FE6-89B1-64861095C97C}.Debug|Any CPU.Build.0 = Debug|Any CPU
		{B5778227-542E-4FE6-89B1-64861095C97C}.Release|Any CPU.ActiveCfg = Release|Any CPU
		{B5778227-542E-4FE6-89B1-64861095C97C}.Release|Any CPU.Build.0 = Release|Any CPU
		{70BEE418-1AFF-4A4D-AD37-30B8E510E5A5}.Debug|Any CPU.ActiveCfg = Debug|Any CPU
		{70BEE418-1AFF-4A4D-AD37-30B8E510E5A5}.Debug|Any CPU.Build.0 = Debug|Any CPU
		{70BEE418-1AFF-4A4D-AD37-30B8E510E5A5}.Release|Any CPU.ActiveCfg = Release|Any CPU
		{70BEE418-1AFF-4A4D-AD37-30B8E510E5A5}.Release|Any CPU.Build.0 = Release|Any CPU
		{C5B52495-8F7B-48E7-ADEA-48799B955EAB}.Debug|Any CPU.ActiveCfg = Debug|Any CPU
		{C5B52495-8F7B-48E7-ADEA-48799B955EAB}.Debug|Any CPU.Build.0 = Debug|Any CPU
		{C5B52495-8F7B-48E7-ADEA-48799B955EAB}.Release|Any CPU.ActiveCfg = Release|Any CPU
		{C5B52495-8F7B-48E7-ADEA-48799B955EAB}.Release|Any CPU.Build.0 = Release|Any CPU
		{33F188B4-7BD1-434B-BD7E-337C272021EC}.Debug|Any CPU.ActiveCfg = Debug|Any CPU
		{33F188B4-7BD1-434B-BD7E-337C272021EC}.Debug|Any CPU.Build.0 = Debug|Any CPU
		{33F188B4-7BD1-434B-BD7E-337C272021EC}.Release|Any CPU.ActiveCfg = Release|Any CPU
		{33F188B4-7BD1-434B-BD7E-337C272021EC}.Release|Any CPU.Build.0 = Release|Any CPU
		{75CBEDEA-D4AC-4239-A6AA-FB8D0ACF1CE6}.Debug|Any CPU.ActiveCfg = Debug|Any CPU
		{75CBEDEA-D4AC-4239-A6AA-FB8D0ACF1CE6}.Debug|Any CPU.Build.0 = Debug|Any CPU
		{75CBEDEA-D4AC-4239-A6AA-FB8D0ACF1CE6}.Release|Any CPU.ActiveCfg = Release|Any CPU
		{75CBEDEA-D4AC-4239-A6AA-FB8D0ACF1CE6}.Release|Any CPU.Build.0 = Release|Any CPU
		{77202377-8869-42DE-81BB-623BAD5F5B8C}.Debug|Any CPU.ActiveCfg = Debug|Any CPU
		{77202377-8869-42DE-81BB-623BAD5F5B8C}.Debug|Any CPU.Build.0 = Debug|Any CPU
		{77202377-8869-42DE-81BB-623BAD5F5B8C}.Release|Any CPU.ActiveCfg = Release|Any CPU
		{77202377-8869-42DE-81BB-623BAD5F5B8C}.Release|Any CPU.Build.0 = Release|Any CPU
		{D91738C4-8388-4E63-9BC7-DE2E3C604B28}.Debug|Any CPU.ActiveCfg = Debug|Any CPU
		{D91738C4-8388-4E63-9BC7-DE2E3C604B28}.Debug|Any CPU.Build.0 = Debug|Any CPU
		{D91738C4-8388-4E63-9BC7-DE2E3C604B28}.Release|Any CPU.ActiveCfg = Release|Any CPU
		{D91738C4-8388-4E63-9BC7-DE2E3C604B28}.Release|Any CPU.Build.0 = Release|Any CPU
		{487AA212-24D2-44D4-96A6-2A06E414AABA}.Debug|Any CPU.ActiveCfg = Debug|Any CPU
		{487AA212-24D2-44D4-96A6-2A06E414AABA}.Debug|Any CPU.Build.0 = Debug|Any CPU
		{487AA212-24D2-44D4-96A6-2A06E414AABA}.Release|Any CPU.ActiveCfg = Release|Any CPU
		{487AA212-24D2-44D4-96A6-2A06E414AABA}.Release|Any CPU.Build.0 = Release|Any CPU
		{70676687-D244-4D31-8F4F-460823D63523}.Debug|Any CPU.ActiveCfg = Debug|Any CPU
		{70676687-D244-4D31-8F4F-460823D63523}.Debug|Any CPU.Build.0 = Debug|Any CPU
		{70676687-D244-4D31-8F4F-460823D63523}.Release|Any CPU.ActiveCfg = Release|Any CPU
		{70676687-D244-4D31-8F4F-460823D63523}.Release|Any CPU.Build.0 = Release|Any CPU
		{435311F9-558A-4191-BF58-7C9E0C0F5BF6}.Debug|Any CPU.ActiveCfg = Debug|Any CPU
		{435311F9-558A-4191-BF58-7C9E0C0F5BF6}.Debug|Any CPU.Build.0 = Debug|Any CPU
		{435311F9-558A-4191-BF58-7C9E0C0F5BF6}.Release|Any CPU.ActiveCfg = Release|Any CPU
		{435311F9-558A-4191-BF58-7C9E0C0F5BF6}.Release|Any CPU.Build.0 = Release|Any CPU
		{F0F1C2BD-7AB5-4237-84D1-E25763F3B379}.Debug|Any CPU.ActiveCfg = Debug|Any CPU
		{F0F1C2BD-7AB5-4237-84D1-E25763F3B379}.Debug|Any CPU.Build.0 = Debug|Any CPU
		{F0F1C2BD-7AB5-4237-84D1-E25763F3B379}.Release|Any CPU.ActiveCfg = Release|Any CPU
		{F0F1C2BD-7AB5-4237-84D1-E25763F3B379}.Release|Any CPU.Build.0 = Release|Any CPU
		{CFDEEB1B-59D0-45ED-B832-B2A7249A4D7B}.Debug|Any CPU.ActiveCfg = Debug|Any CPU
		{CFDEEB1B-59D0-45ED-B832-B2A7249A4D7B}.Debug|Any CPU.Build.0 = Debug|Any CPU
		{CFDEEB1B-59D0-45ED-B832-B2A7249A4D7B}.Release|Any CPU.ActiveCfg = Release|Any CPU
		{CFDEEB1B-59D0-45ED-B832-B2A7249A4D7B}.Release|Any CPU.Build.0 = Release|Any CPU
		{9C026A59-C783-49AB-9E0F-A50F6A5769CD}.Debug|Any CPU.ActiveCfg = Debug|Any CPU
		{9C026A59-C783-49AB-9E0F-A50F6A5769CD}.Debug|Any CPU.Build.0 = Debug|Any CPU
		{9C026A59-C783-49AB-9E0F-A50F6A5769CD}.Release|Any CPU.ActiveCfg = Release|Any CPU
		{9C026A59-C783-49AB-9E0F-A50F6A5769CD}.Release|Any CPU.Build.0 = Release|Any CPU
		{148D5A24-91A2-497A-A68D-E8E6EC649E9C}.Debug|Any CPU.ActiveCfg = Debug|Any CPU
		{148D5A24-91A2-497A-A68D-E8E6EC649E9C}.Debug|Any CPU.Build.0 = Debug|Any CPU
		{148D5A24-91A2-497A-A68D-E8E6EC649E9C}.Release|Any CPU.ActiveCfg = Release|Any CPU
		{148D5A24-91A2-497A-A68D-E8E6EC649E9C}.Release|Any CPU.Build.0 = Release|Any CPU
		{19DB00E8-3A37-45AD-A42F-E77E01DF90E8}.Debug|Any CPU.ActiveCfg = Debug|Any CPU
		{19DB00E8-3A37-45AD-A42F-E77E01DF90E8}.Debug|Any CPU.Build.0 = Debug|Any CPU
		{19DB00E8-3A37-45AD-A42F-E77E01DF90E8}.Release|Any CPU.ActiveCfg = Release|Any CPU
		{19DB00E8-3A37-45AD-A42F-E77E01DF90E8}.Release|Any CPU.Build.0 = Release|Any CPU
		{23E17222-ED77-4B8F-9346-BC2361742C12}.Debug|Any CPU.ActiveCfg = Debug|Any CPU
		{23E17222-ED77-4B8F-9346-BC2361742C12}.Debug|Any CPU.Build.0 = Debug|Any CPU
		{23E17222-ED77-4B8F-9346-BC2361742C12}.Release|Any CPU.ActiveCfg = Release|Any CPU
		{23E17222-ED77-4B8F-9346-BC2361742C12}.Release|Any CPU.Build.0 = Release|Any CPU
		{EF693D5D-D4CC-488F-BD16-430FB48FB73A}.Debug|Any CPU.ActiveCfg = Debug|Any CPU
		{EF693D5D-D4CC-488F-BD16-430FB48FB73A}.Debug|Any CPU.Build.0 = Debug|Any CPU
		{EF693D5D-D4CC-488F-BD16-430FB48FB73A}.Release|Any CPU.ActiveCfg = Release|Any CPU
		{EF693D5D-D4CC-488F-BD16-430FB48FB73A}.Release|Any CPU.Build.0 = Release|Any CPU
		{EFA35D10-7A70-4D07-A4FD-0800980E95CB}.Debug|Any CPU.ActiveCfg = Debug|Any CPU
		{EFA35D10-7A70-4D07-A4FD-0800980E95CB}.Debug|Any CPU.Build.0 = Debug|Any CPU
		{EFA35D10-7A70-4D07-A4FD-0800980E95CB}.Release|Any CPU.ActiveCfg = Release|Any CPU
		{EFA35D10-7A70-4D07-A4FD-0800980E95CB}.Release|Any CPU.Build.0 = Release|Any CPU
		{928955C3-DAC1-48B4-91B3-A5B505349689}.Debug|Any CPU.ActiveCfg = Debug|Any CPU
		{928955C3-DAC1-48B4-91B3-A5B505349689}.Debug|Any CPU.Build.0 = Debug|Any CPU
		{928955C3-DAC1-48B4-91B3-A5B505349689}.Release|Any CPU.ActiveCfg = Release|Any CPU
		{928955C3-DAC1-48B4-91B3-A5B505349689}.Release|Any CPU.Build.0 = Release|Any CPU
		{FDD7627C-F865-4378-86BF-98B81BC33338}.Debug|Any CPU.ActiveCfg = Debug|Any CPU
		{FDD7627C-F865-4378-86BF-98B81BC33338}.Debug|Any CPU.Build.0 = Debug|Any CPU
		{FDD7627C-F865-4378-86BF-98B81BC33338}.Release|Any CPU.ActiveCfg = Release|Any CPU
		{FDD7627C-F865-4378-86BF-98B81BC33338}.Release|Any CPU.Build.0 = Release|Any CPU
		{494AE435-A5D2-4A92-AFFE-87CA4866303C}.Debug|Any CPU.ActiveCfg = Debug|Any CPU
		{494AE435-A5D2-4A92-AFFE-87CA4866303C}.Debug|Any CPU.Build.0 = Debug|Any CPU
		{494AE435-A5D2-4A92-AFFE-87CA4866303C}.Release|Any CPU.ActiveCfg = Release|Any CPU
		{494AE435-A5D2-4A92-AFFE-87CA4866303C}.Release|Any CPU.Build.0 = Release|Any CPU
		{ED14F956-8B59-4923-ADFC-3F5F78FF1AFF}.Debug|Any CPU.ActiveCfg = Debug|Any CPU
		{ED14F956-8B59-4923-ADFC-3F5F78FF1AFF}.Debug|Any CPU.Build.0 = Debug|Any CPU
		{ED14F956-8B59-4923-ADFC-3F5F78FF1AFF}.Release|Any CPU.ActiveCfg = Release|Any CPU
		{ED14F956-8B59-4923-ADFC-3F5F78FF1AFF}.Release|Any CPU.Build.0 = Release|Any CPU
		{0F2B11B5-B7F9-4C07-ACE4-FFB0640F93A9}.Debug|Any CPU.ActiveCfg = Debug|Any CPU
		{0F2B11B5-B7F9-4C07-ACE4-FFB0640F93A9}.Debug|Any CPU.Build.0 = Debug|Any CPU
		{0F2B11B5-B7F9-4C07-ACE4-FFB0640F93A9}.Release|Any CPU.ActiveCfg = Release|Any CPU
		{0F2B11B5-B7F9-4C07-ACE4-FFB0640F93A9}.Release|Any CPU.Build.0 = Release|Any CPU
		{BB347047-8743-4A5B-AAD8-DB00205F71A8}.Debug|Any CPU.ActiveCfg = Debug|Any CPU
		{BB347047-8743-4A5B-AAD8-DB00205F71A8}.Debug|Any CPU.Build.0 = Debug|Any CPU
		{BB347047-8743-4A5B-AAD8-DB00205F71A8}.Release|Any CPU.ActiveCfg = Release|Any CPU
		{BB347047-8743-4A5B-AAD8-DB00205F71A8}.Release|Any CPU.Build.0 = Release|Any CPU
		{1162B8D0-6173-4181-85D0-8FF8FD3A60BC}.Debug|Any CPU.ActiveCfg = Debug|Any CPU
		{1162B8D0-6173-4181-85D0-8FF8FD3A60BC}.Debug|Any CPU.Build.0 = Debug|Any CPU
		{1162B8D0-6173-4181-85D0-8FF8FD3A60BC}.Release|Any CPU.ActiveCfg = Release|Any CPU
		{1162B8D0-6173-4181-85D0-8FF8FD3A60BC}.Release|Any CPU.Build.0 = Release|Any CPU
		{DB4D1687-AA60-4906-9071-8475AEFDE875}.Debug|Any CPU.ActiveCfg = Debug|Any CPU
		{DB4D1687-AA60-4906-9071-8475AEFDE875}.Debug|Any CPU.Build.0 = Debug|Any CPU
		{DB4D1687-AA60-4906-9071-8475AEFDE875}.Release|Any CPU.ActiveCfg = Release|Any CPU
		{DB4D1687-AA60-4906-9071-8475AEFDE875}.Release|Any CPU.Build.0 = Release|Any CPU
		{05291F00-45C7-4F6F-95B2-821DAD4CB5AF}.Debug|Any CPU.ActiveCfg = Debug|Any CPU
		{05291F00-45C7-4F6F-95B2-821DAD4CB5AF}.Debug|Any CPU.Build.0 = Debug|Any CPU
		{05291F00-45C7-4F6F-95B2-821DAD4CB5AF}.Release|Any CPU.ActiveCfg = Release|Any CPU
		{05291F00-45C7-4F6F-95B2-821DAD4CB5AF}.Release|Any CPU.Build.0 = Release|Any CPU
		{A93C81DA-F6F4-4712-A835-969CA7704A3B}.Debug|Any CPU.ActiveCfg = Debug|Any CPU
		{A93C81DA-F6F4-4712-A835-969CA7704A3B}.Debug|Any CPU.Build.0 = Debug|Any CPU
		{A93C81DA-F6F4-4712-A835-969CA7704A3B}.Release|Any CPU.ActiveCfg = Release|Any CPU
		{A93C81DA-F6F4-4712-A835-969CA7704A3B}.Release|Any CPU.Build.0 = Release|Any CPU
		{B3F021B7-E475-4A39-8F82-2FD7DBF90A86}.Debug|Any CPU.ActiveCfg = Debug|Any CPU
		{B3F021B7-E475-4A39-8F82-2FD7DBF90A86}.Debug|Any CPU.Build.0 = Debug|Any CPU
		{B3F021B7-E475-4A39-8F82-2FD7DBF90A86}.Release|Any CPU.ActiveCfg = Release|Any CPU
		{B3F021B7-E475-4A39-8F82-2FD7DBF90A86}.Release|Any CPU.Build.0 = Release|Any CPU
		{7FA91617-E22E-4586-AE45-BA95E66655D1}.Debug|Any CPU.ActiveCfg = Debug|Any CPU
		{7FA91617-E22E-4586-AE45-BA95E66655D1}.Debug|Any CPU.Build.0 = Debug|Any CPU
		{7FA91617-E22E-4586-AE45-BA95E66655D1}.Release|Any CPU.ActiveCfg = Release|Any CPU
		{7FA91617-E22E-4586-AE45-BA95E66655D1}.Release|Any CPU.Build.0 = Release|Any CPU
		{18653E46-BFCE-4C63-98DA-4DE2858CC6CC}.Debug|Any CPU.ActiveCfg = Debug|Any CPU
		{18653E46-BFCE-4C63-98DA-4DE2858CC6CC}.Debug|Any CPU.Build.0 = Debug|Any CPU
		{18653E46-BFCE-4C63-98DA-4DE2858CC6CC}.Release|Any CPU.ActiveCfg = Release|Any CPU
		{18653E46-BFCE-4C63-98DA-4DE2858CC6CC}.Release|Any CPU.Build.0 = Release|Any CPU
		{B38F3916-C268-4756-BABA-697687B9FE14}.Debug|Any CPU.ActiveCfg = Debug|Any CPU
		{B38F3916-C268-4756-BABA-697687B9FE14}.Debug|Any CPU.Build.0 = Debug|Any CPU
		{B38F3916-C268-4756-BABA-697687B9FE14}.Release|Any CPU.ActiveCfg = Release|Any CPU
		{B38F3916-C268-4756-BABA-697687B9FE14}.Release|Any CPU.Build.0 = Release|Any CPU
		{5804F126-C42B-4B4A-9907-EE7FB14FF643}.Debug|Any CPU.ActiveCfg = Debug|Any CPU
		{5804F126-C42B-4B4A-9907-EE7FB14FF643}.Debug|Any CPU.Build.0 = Debug|Any CPU
		{5804F126-C42B-4B4A-9907-EE7FB14FF643}.Release|Any CPU.ActiveCfg = Release|Any CPU
		{5804F126-C42B-4B4A-9907-EE7FB14FF643}.Release|Any CPU.Build.0 = Release|Any CPU
		{305AE3A0-4784-4518-A7A1-0881C248B6C4}.Debug|Any CPU.ActiveCfg = Debug|Any CPU
		{305AE3A0-4784-4518-A7A1-0881C248B6C4}.Debug|Any CPU.Build.0 = Debug|Any CPU
		{305AE3A0-4784-4518-A7A1-0881C248B6C4}.Release|Any CPU.ActiveCfg = Release|Any CPU
		{305AE3A0-4784-4518-A7A1-0881C248B6C4}.Release|Any CPU.Build.0 = Release|Any CPU
		{A2B6686B-268B-4BFE-B5F8-94E7A4D30F13}.Debug|Any CPU.ActiveCfg = Debug|Any CPU
		{A2B6686B-268B-4BFE-B5F8-94E7A4D30F13}.Debug|Any CPU.Build.0 = Debug|Any CPU
		{A2B6686B-268B-4BFE-B5F8-94E7A4D30F13}.Release|Any CPU.ActiveCfg = Release|Any CPU
		{A2B6686B-268B-4BFE-B5F8-94E7A4D30F13}.Release|Any CPU.Build.0 = Release|Any CPU
		{6030FB87-0D79-44F8-A5D5-E3A69BBBE2A1}.Debug|Any CPU.ActiveCfg = Debug|Any CPU
		{6030FB87-0D79-44F8-A5D5-E3A69BBBE2A1}.Debug|Any CPU.Build.0 = Debug|Any CPU
		{6030FB87-0D79-44F8-A5D5-E3A69BBBE2A1}.Release|Any CPU.ActiveCfg = Release|Any CPU
		{6030FB87-0D79-44F8-A5D5-E3A69BBBE2A1}.Release|Any CPU.Build.0 = Release|Any CPU
		{436648FC-3F3F-4E0A-86EE-8FFA667C91D6}.Debug|Any CPU.ActiveCfg = Debug|Any CPU
		{436648FC-3F3F-4E0A-86EE-8FFA667C91D6}.Debug|Any CPU.Build.0 = Debug|Any CPU
		{436648FC-3F3F-4E0A-86EE-8FFA667C91D6}.Release|Any CPU.ActiveCfg = Release|Any CPU
		{436648FC-3F3F-4E0A-86EE-8FFA667C91D6}.Release|Any CPU.Build.0 = Release|Any CPU
		{06329D79-E806-4BD0-B3B8-AA851FF4EF98}.Debug|Any CPU.ActiveCfg = Debug|Any CPU
		{06329D79-E806-4BD0-B3B8-AA851FF4EF98}.Debug|Any CPU.Build.0 = Debug|Any CPU
		{06329D79-E806-4BD0-B3B8-AA851FF4EF98}.Release|Any CPU.ActiveCfg = Release|Any CPU
		{06329D79-E806-4BD0-B3B8-AA851FF4EF98}.Release|Any CPU.Build.0 = Release|Any CPU
		{0A3D8B71-CE13-42B1-8E88-2FF9286913C9}.Debug|Any CPU.ActiveCfg = Debug|Any CPU
		{0A3D8B71-CE13-42B1-8E88-2FF9286913C9}.Debug|Any CPU.Build.0 = Debug|Any CPU
		{0A3D8B71-CE13-42B1-8E88-2FF9286913C9}.Release|Any CPU.ActiveCfg = Release|Any CPU
		{0A3D8B71-CE13-42B1-8E88-2FF9286913C9}.Release|Any CPU.Build.0 = Release|Any CPU
		{9812AB07-4F6F-4004-8B50-6A1E6BBFE031}.Debug|Any CPU.ActiveCfg = Debug|Any CPU
		{9812AB07-4F6F-4004-8B50-6A1E6BBFE031}.Debug|Any CPU.Build.0 = Debug|Any CPU
		{9812AB07-4F6F-4004-8B50-6A1E6BBFE031}.Release|Any CPU.ActiveCfg = Release|Any CPU
		{9812AB07-4F6F-4004-8B50-6A1E6BBFE031}.Release|Any CPU.Build.0 = Release|Any CPU
		{F56CE325-5B81-4EE6-A5C7-7D92A597EF8E}.Debug|Any CPU.ActiveCfg = Debug|Any CPU
		{F56CE325-5B81-4EE6-A5C7-7D92A597EF8E}.Debug|Any CPU.Build.0 = Debug|Any CPU
		{F56CE325-5B81-4EE6-A5C7-7D92A597EF8E}.Release|Any CPU.ActiveCfg = Release|Any CPU
		{F56CE325-5B81-4EE6-A5C7-7D92A597EF8E}.Release|Any CPU.Build.0 = Release|Any CPU
		{F4AB9149-905A-4319-ADA8-86E5C88BCF20}.Debug|Any CPU.ActiveCfg = Debug|Any CPU
		{F4AB9149-905A-4319-ADA8-86E5C88BCF20}.Debug|Any CPU.Build.0 = Debug|Any CPU
		{F4AB9149-905A-4319-ADA8-86E5C88BCF20}.Release|Any CPU.ActiveCfg = Release|Any CPU
		{F4AB9149-905A-4319-ADA8-86E5C88BCF20}.Release|Any CPU.Build.0 = Release|Any CPU
		{DC9E1281-AEE8-4C00-B40E-2B1C8E7D077D}.Debug|Any CPU.ActiveCfg = Debug|Any CPU
		{DC9E1281-AEE8-4C00-B40E-2B1C8E7D077D}.Debug|Any CPU.Build.0 = Debug|Any CPU
		{DC9E1281-AEE8-4C00-B40E-2B1C8E7D077D}.Release|Any CPU.ActiveCfg = Release|Any CPU
		{DC9E1281-AEE8-4C00-B40E-2B1C8E7D077D}.Release|Any CPU.Build.0 = Release|Any CPU
		{8D22E139-5B6D-47F9-950F-B6D378639D62}.Debug|Any CPU.ActiveCfg = Debug|Any CPU
		{8D22E139-5B6D-47F9-950F-B6D378639D62}.Debug|Any CPU.Build.0 = Debug|Any CPU
		{8D22E139-5B6D-47F9-950F-B6D378639D62}.Release|Any CPU.ActiveCfg = Release|Any CPU
		{8D22E139-5B6D-47F9-950F-B6D378639D62}.Release|Any CPU.Build.0 = Release|Any CPU
	EndGlobalSection
	GlobalSection(SolutionProperties) = preSolution
		HideSolutionNode = FALSE
	EndGlobalSection
	GlobalSection(NestedProjects) = preSolution
		{217AEE85-7C9A-487C-9739-1E93F6C3E935} = {E24B3693-E6A0-4142-B71F-AF2FD7ABB1E7}
		{362EB906-B629-4835-AC71-C316FF3C3E13} = {B9B1795A-8436-4FFA-B8E4-9EB1EA5A8D99}
		{494D4E58-A502-4019-838D-40A0554D2795} = {B9B1795A-8436-4FFA-B8E4-9EB1EA5A8D99}
		{30C8E642-5B9B-4041-9FBE-2F97CB367988} = {E24B3693-E6A0-4142-B71F-AF2FD7ABB1E7}
		{35FBDE16-ADA3-4790-8176-01BCF4411DF5} = {30C8E642-5B9B-4041-9FBE-2F97CB367988}
		{AB83FA42-0A0B-4659-9E5C-1255F65BC554} = {30C8E642-5B9B-4041-9FBE-2F97CB367988}
		{FBB2F3CC-F9CE-4095-8981-7BA4429139C3} = {362EB906-B629-4835-AC71-C316FF3C3E13}
		{FA7501A1-E739-4395-81DE-3D4C3EB26B10} = {362EB906-B629-4835-AC71-C316FF3C3E13}
		{ACEB11FB-EC60-4BD5-BEB1-C6A4BCA42C18} = {B9B1795A-8436-4FFA-B8E4-9EB1EA5A8D99}
		{006C973B-E0EC-4DD8-B47B-B9B85D6E9E2F} = {B9B1795A-8436-4FFA-B8E4-9EB1EA5A8D99}
		{B5778227-542E-4FE6-89B1-64861095C97C} = {B9B1795A-8436-4FFA-B8E4-9EB1EA5A8D99}
		{70BEE418-1AFF-4A4D-AD37-30B8E510E5A5} = {79AD6CB1-7C3A-4114-BAD9-6F3819251179}
		{C5B52495-8F7B-48E7-ADEA-48799B955EAB} = {993F5DB1-686B-418D-8A5A-8235C86139D3}
		{33F188B4-7BD1-434B-BD7E-337C272021EC} = {993F5DB1-686B-418D-8A5A-8235C86139D3}
		{75CBEDEA-D4AC-4239-A6AA-FB8D0ACF1CE6} = {993F5DB1-686B-418D-8A5A-8235C86139D3}
		{77202377-8869-42DE-81BB-623BAD5F5B8C} = {993F5DB1-686B-418D-8A5A-8235C86139D3}
		{D91738C4-8388-4E63-9BC7-DE2E3C604B28} = {993F5DB1-686B-418D-8A5A-8235C86139D3}
		{487AA212-24D2-44D4-96A6-2A06E414AABA} = {993F5DB1-686B-418D-8A5A-8235C86139D3}
		{70676687-D244-4D31-8F4F-460823D63523} = {30C8E642-5B9B-4041-9FBE-2F97CB367988}
		{435311F9-558A-4191-BF58-7C9E0C0F5BF6} = {30C8E642-5B9B-4041-9FBE-2F97CB367988}
		{F0F1C2BD-7AB5-4237-84D1-E25763F3B379} = {217AEE85-7C9A-487C-9739-1E93F6C3E935}
		{CFDEEB1B-59D0-45ED-B832-B2A7249A4D7B} = {217AEE85-7C9A-487C-9739-1E93F6C3E935}
		{9C026A59-C783-49AB-9E0F-A50F6A5769CD} = {217AEE85-7C9A-487C-9739-1E93F6C3E935}
		{148D5A24-91A2-497A-A68D-E8E6EC649E9C} = {E24B3693-E6A0-4142-B71F-AF2FD7ABB1E7}
		{19DB00E8-3A37-45AD-A42F-E77E01DF90E8} = {E24B3693-E6A0-4142-B71F-AF2FD7ABB1E7}
		{23E17222-ED77-4B8F-9346-BC2361742C12} = {E24B3693-E6A0-4142-B71F-AF2FD7ABB1E7}
		{EF693D5D-D4CC-488F-BD16-430FB48FB73A} = {E24B3693-E6A0-4142-B71F-AF2FD7ABB1E7}
		{EFA35D10-7A70-4D07-A4FD-0800980E95CB} = {E24B3693-E6A0-4142-B71F-AF2FD7ABB1E7}
		{928955C3-DAC1-48B4-91B3-A5B505349689} = {E24B3693-E6A0-4142-B71F-AF2FD7ABB1E7}
		{FDD7627C-F865-4378-86BF-98B81BC33338} = {E24B3693-E6A0-4142-B71F-AF2FD7ABB1E7}
		{494AE435-A5D2-4A92-AFFE-87CA4866303C} = {E24B3693-E6A0-4142-B71F-AF2FD7ABB1E7}
		{ED14F956-8B59-4923-ADFC-3F5F78FF1AFF} = {E24B3693-E6A0-4142-B71F-AF2FD7ABB1E7}
		{0F2B11B5-B7F9-4C07-ACE4-FFB0640F93A9} = {E24B3693-E6A0-4142-B71F-AF2FD7ABB1E7}
		{BB347047-8743-4A5B-AAD8-DB00205F71A8} = {E24B3693-E6A0-4142-B71F-AF2FD7ABB1E7}
		{1162B8D0-6173-4181-85D0-8FF8FD3A60BC} = {E24B3693-E6A0-4142-B71F-AF2FD7ABB1E7}
		{DB4D1687-AA60-4906-9071-8475AEFDE875} = {E24B3693-E6A0-4142-B71F-AF2FD7ABB1E7}
		{05291F00-45C7-4F6F-95B2-821DAD4CB5AF} = {E24B3693-E6A0-4142-B71F-AF2FD7ABB1E7}
		{A93C81DA-F6F4-4712-A835-969CA7704A3B} = {E24B3693-E6A0-4142-B71F-AF2FD7ABB1E7}
		{B3F021B7-E475-4A39-8F82-2FD7DBF90A86} = {E24B3693-E6A0-4142-B71F-AF2FD7ABB1E7}
		{7FA91617-E22E-4586-AE45-BA95E66655D1} = {E24B3693-E6A0-4142-B71F-AF2FD7ABB1E7}
		{18653E46-BFCE-4C63-98DA-4DE2858CC6CC} = {E24B3693-E6A0-4142-B71F-AF2FD7ABB1E7}
		{B38F3916-C268-4756-BABA-697687B9FE14} = {217AEE85-7C9A-487C-9739-1E93F6C3E935}
		{5804F126-C42B-4B4A-9907-EE7FB14FF643} = {E24B3693-E6A0-4142-B71F-AF2FD7ABB1E7}
		{305AE3A0-4784-4518-A7A1-0881C248B6C4} = {E24B3693-E6A0-4142-B71F-AF2FD7ABB1E7}
		{A2B6686B-268B-4BFE-B5F8-94E7A4D30F13} = {494D4E58-A502-4019-838D-40A0554D2795}
		{6030FB87-0D79-44F8-A5D5-E3A69BBBE2A1} = {494D4E58-A502-4019-838D-40A0554D2795}
		{436648FC-3F3F-4E0A-86EE-8FFA667C91D6} = {494D4E58-A502-4019-838D-40A0554D2795}
		{06329D79-E806-4BD0-B3B8-AA851FF4EF98} = {79AD6CB1-7C3A-4114-BAD9-6F3819251179}
		{79AD6CB1-7C3A-4114-BAD9-6F3819251179} = {B9B1795A-8436-4FFA-B8E4-9EB1EA5A8D99}
		{0A3D8B71-CE13-42B1-8E88-2FF9286913C9} = {79AD6CB1-7C3A-4114-BAD9-6F3819251179}
		{9812AB07-4F6F-4004-8B50-6A1E6BBFE031} = {993F5DB1-686B-418D-8A5A-8235C86139D3}
		{F56CE325-5B81-4EE6-A5C7-7D92A597EF8E} = {217AEE85-7C9A-487C-9739-1E93F6C3E935}
		{F4AB9149-905A-4319-ADA8-86E5C88BCF20} = {B9B1795A-8436-4FFA-B8E4-9EB1EA5A8D99}
		{DC9E1281-AEE8-4C00-B40E-2B1C8E7D077D} = {D619E7EE-DAC2-4AEF-9711-31865BEAD435}
		{8D22E139-5B6D-47F9-950F-B6D378639D62} = {D619E7EE-DAC2-4AEF-9711-31865BEAD435}
	EndGlobalSection
	GlobalSection(ExtensibilityGlobals) = postSolution
		SolutionGuid = {8C1EF108-97F0-41A0-8507-C75FE328A4A3}
	EndGlobalSection
EndGlobal
